
Microsoft Visual Studio Solution File, Format Version 12.00
# Visual Studio Version 17
VisualStudioVersion = 17.8.34525.116
MinimumVisualStudioVersion = 10.0.40219.1
Project("{FAE04EC0-301F-11D3-BF4B-00C04F79EFBC}") = "WebAPI_StudentMarks", "WebAPI_StudentMarks\WebAPI_StudentMarks.csproj", "{3951C6AE-BB39-43C8-BFB0-486A9768DA62}"
EndProject
Global
	GlobalSection(SolutionConfigurationPlatforms) = preSolution
		Debug|Any CPU = Debug|Any CPU
		Release|Any CPU = Release|Any CPU
	EndGlobalSection
	GlobalSection(ProjectConfigurationPlatforms) = postSolution
		{3951C6AE-BB39-43C8-BFB0-486A9768DA62}.Debug|Any CPU.ActiveCfg = Debug|Any CPU
		{3951C6AE-BB39-43C8-BFB0-486A9768DA62}.Debug|Any CPU.Build.0 = Debug|Any CPU
		{3951C6AE-BB39-43C8-BFB0-486A9768DA62}.Release|Any CPU.ActiveCfg = Release|Any CPU
		{3951C6AE-BB39-43C8-BFB0-486A9768DA62}.Release|Any CPU.Build.0 = Release|Any CPU
	EndGlobalSection
	GlobalSection(SolutionProperties) = preSolution
		HideSolutionNode = FALSE
	EndGlobalSection
	GlobalSection(ExtensibilityGlobals) = postSolution
		SolutionGuid = {3E18B658-431A-48AE-B5E6-06F5737411AB}
	EndGlobalSection
EndGlobal
